
Microsoft Visual Studio Solution File, Format Version 12.00
# Visual Studio 15
VisualStudioVersion = 15.0.27130.2020
MinimumVisualStudioVersion = 10.0.40219.1
Project("{FAE04EC0-301F-11D3-BF4B-00C04F79EFBC}") = "QtpTutorialAutomationTestProject", "QtpTutorialAutomationTestProject\QtpTutorialAutomationTestProject.csproj", "{DA50545F-797F-4B75-8D12-B35A8B1980FD}"
EndProject
Global
	GlobalSection(SolutionConfigurationPlatforms) = preSolution
		Debug|Any CPU = Debug|Any CPU
		Release|Any CPU = Release|Any CPU
	EndGlobalSection
	GlobalSection(ProjectConfigurationPlatforms) = postSolution
		{DA50545F-797F-4B75-8D12-B35A8B1980FD}.Debug|Any CPU.ActiveCfg = Debug|Any CPU
		{DA50545F-797F-4B75-8D12-B35A8B1980FD}.Debug|Any CPU.Build.0 = Debug|Any CPU
		{DA50545F-797F-4B75-8D12-B35A8B1980FD}.Release|Any CPU.ActiveCfg = Release|Any CPU
		{DA50545F-797F-4B75-8D12-B35A8B1980FD}.Release|Any CPU.Build.0 = Release|Any CPU
	EndGlobalSection
	GlobalSection(SolutionProperties) = preSolution
		HideSolutionNode = FALSE
	EndGlobalSection
	GlobalSection(ExtensibilityGlobals) = postSolution
		SolutionGuid = {8C8BD0AD-61D5-46AD-A562-D424B44554F9}
	EndGlobalSection
EndGlobal
